<?xml version="1.0" encoding="utf-8"?>
<Project ToolsVersion="15.0" xmlns="http://schemas.microsoft.com/developer/msbuild/2003">
  <ItemGroup>
    <ClCompile Include="D:\CCbuild\CloudCompare-master\libs\qcustomplot\qcustomplot.cpp">
      <Filter>Source Files</Filter>
    </ClCompile>
    <ClCompile Include="D:\CCbuild\CCBuild\libs\qcustomplot\qcustomplot_autogen\mocs_compilation.cpp">
      <Filter>Source Files</Filter>
    </ClCompile>
  </ItemGroup>
  <ItemGroup>
    <ClInclude Include="D:\CCbuild\CloudCompare-master\libs\qcustomplot\qcustomplot.h">
      <Filter>Header Files</Filter>
    </ClInclude>
  </ItemGroup>
  <ItemGroup>
    <CustomBuild Include="D:\CCbuild\CloudCompare-master\libs\qcustomplot\CMakeLists.txt" />
  </ItemGroup>
  <ItemGroup>
    <Filter Include="Header Files">
      <UniqueIdentifier>{44B0432D-81ED-34F0-8119-AAFD2FFCA046}</UniqueIdentifier>
    </Filter>
    <Filter Include="Source Files">
      <UniqueIdentifier>{D9CEF085-40ED-3CC9-BA4C-EDA83983FA70}</UniqueIdentifier>
    </Filter>
  </ItemGroup>
</Project>
