Microsoft Visual Studio Solution File, Format Version 12.00
# Visual Studio 15
Project("{8BC9CEB8-8B4A-11D0-8D11-00A0C91BC942}") = "ALL_BUILD", "ALL_BUILD.vcxproj", "{8699DF30-A254-3671-808B-8BA0ECD811EA}"
	ProjectSection(ProjectDependencies) = postProject
		{89CB79CD-C099-3041-B43F-FFAFB5198DA4} = {89CB79CD-C099-3041-B43F-FFAFB5198DA4}
		{E8A6345E-9484-3787-93C1-1450CA434382} = {E8A6345E-9484-3787-93C1-1450CA434382}
	EndProjectSection
EndProject
Project("{8BC9CEB8-8B4A-11D0-8D11-00A0C91BC942}") = "CC_CORE_LIB", "..\..\CC\CC_CORE_LIB.vcxproj", "{256CEE07-C490-3604-B652-1BEA60552D3B}"
	ProjectSection(ProjectDependencies) = postProject
		{E8A6345E-9484-3787-93C1-1450CA434382} = {E8A6345E-9484-3787-93C1-1450CA434382}
	EndProjectSection
EndProject
Project("{8BC9CEB8-8B4A-11D0-8D11-00A0C91BC942}") = "CC_FBO_LIB", "..\CCFbo\CC_FBO_LIB.vcxproj", "{361D2454-98D7-3543-B1E6-C1C518640939}"
	ProjectSection(ProjectDependencies) = postProject
		{E8A6345E-9484-3787-93C1-1450CA434382} = {E8A6345E-9484-3787-93C1-1450CA434382}
	EndProjectSection
EndProject
Project("{8BC9CEB8-8B4A-11D0-8D11-00A0C91BC942}") = "INSTALL", "INSTALL.vcxproj", "{E845212C-257A-3838-8BC4-EBCC62B5D384}"
	ProjectSection(ProjectDependencies) = postProject
		{8699DF30-A254-3671-808B-8BA0ECD811EA} = {8699DF30-A254-3671-808B-8BA0ECD811EA}
		{E8A6345E-9484-3787-93C1-1450CA434382} = {E8A6345E-9484-3787-93C1-1450CA434382}
	EndProjectSection
EndProject
Project("{8BC9CEB8-8B4A-11D0-8D11-00A0C91BC942}") = "QCC_DB_LIB", "..\qCC_db\QCC_DB_LIB.vcxproj", "{2C9D779D-3E26-3C67-BCA5-1E2837B067A9}"
	ProjectSection(ProjectDependencies) = postProject
		{256CEE07-C490-3604-B652-1BEA60552D3B} = {256CEE07-C490-3604-B652-1BEA60552D3B}
		{361D2454-98D7-3543-B1E6-C1C518640939} = {361D2454-98D7-3543-B1E6-C1C518640939}
		{E8A6345E-9484-3787-93C1-1450CA434382} = {E8A6345E-9484-3787-93C1-1450CA434382}
	EndProjectSection
EndProject
Project("{8BC9CEB8-8B4A-11D0-8D11-00A0C91BC942}") = "QCC_GL_LIB", "QCC_GL_LIB.vcxproj", "{89CB79CD-C099-3041-B43F-FFAFB5198DA4}"
	ProjectSection(ProjectDependencies) = postProject
		{256CEE07-C490-3604-B652-1BEA60552D3B} = {256CEE07-C490-3604-B652-1BEA60552D3B}
		{361D2454-98D7-3543-B1E6-C1C518640939} = {361D2454-98D7-3543-B1E6-C1C518640939}
		{2C9D779D-3E26-3C67-BCA5-1E2837B067A9} = {2C9D779D-3E26-3C67-BCA5-1E2837B067A9}
		{E8A6345E-9484-3787-93C1-1450CA434382} = {E8A6345E-9484-3787-93C1-1450CA434382}
	EndProjectSection
EndProject
Project("{8BC9CEB8-8B4A-11D0-8D11-00A0C91BC942}") = "ZERO_CHECK", "..\..\\ZERO_CHECK.vcxproj", "{E8A6345E-9484-3787-93C1-1450CA434382}"
	ProjectSection(ProjectDependencies) = postProject
	EndProjectSection
EndProject
Global
	GlobalSection(SolutionConfigurationPlatforms) = preSolution
		Debug|x64 = Debug|x64
		Release|x64 = Release|x64
		MinSizeRel|x64 = MinSizeRel|x64
		RelWithDebInfo|x64 = RelWithDebInfo|x64
	EndGlobalSection
	GlobalSection(ProjectConfigurationPlatforms) = postSolution
		{8699DF30-A254-3671-808B-8BA0ECD811EA}.Debug|x64.ActiveCfg = Debug|x64
		{8699DF30-A254-3671-808B-8BA0ECD811EA}.Debug|x64.Build.0 = Debug|x64
		{8699DF30-A254-3671-808B-8BA0ECD811EA}.Release|x64.ActiveCfg = Release|x64
		{8699DF30-A254-3671-808B-8BA0ECD811EA}.Release|x64.Build.0 = Release|x64
		{8699DF30-A254-3671-808B-8BA0ECD811EA}.MinSizeRel|x64.ActiveCfg = MinSizeRel|x64
		{8699DF30-A254-3671-808B-8BA0ECD811EA}.MinSizeRel|x64.Build.0 = MinSizeRel|x64
		{8699DF30-A254-3671-808B-8BA0ECD811EA}.RelWithDebInfo|x64.ActiveCfg = RelWithDebInfo|x64
		{8699DF30-A254-3671-808B-8BA0ECD811EA}.RelWithDebInfo|x64.Build.0 = RelWithDebInfo|x64
		{256CEE07-C490-3604-B652-1BEA60552D3B}.Debug|x64.ActiveCfg = Debug|x64
		{256CEE07-C490-3604-B652-1BEA60552D3B}.Debug|x64.Build.0 = Debug|x64
		{256CEE07-C490-3604-B652-1BEA60552D3B}.Release|x64.ActiveCfg = Release|x64
		{256CEE07-C490-3604-B652-1BEA60552D3B}.Release|x64.Build.0 = Release|x64
		{256CEE07-C490-3604-B652-1BEA60552D3B}.MinSizeRel|x64.ActiveCfg = MinSizeRel|x64
		{256CEE07-C490-3604-B652-1BEA60552D3B}.MinSizeRel|x64.Build.0 = MinSizeRel|x64
		{256CEE07-C490-3604-B652-1BEA60552D3B}.RelWithDebInfo|x64.ActiveCfg = RelWithDebInfo|x64
		{256CEE07-C490-3604-B652-1BEA60552D3B}.RelWithDebInfo|x64.Build.0 = RelWithDebInfo|x64
		{361D2454-98D7-3543-B1E6-C1C518640939}.Debug|x64.ActiveCfg = Debug|x64
		{361D2454-98D7-3543-B1E6-C1C518640939}.Debug|x64.Build.0 = Debug|x64
		{361D2454-98D7-3543-B1E6-C1C518640939}.Release|x64.ActiveCfg = Release|x64
		{361D2454-98D7-3543-B1E6-C1C518640939}.Release|x64.Build.0 = Release|x64
		{361D2454-98D7-3543-B1E6-C1C518640939}.MinSizeRel|x64.ActiveCfg = MinSizeRel|x64
		{361D2454-98D7-3543-B1E6-C1C518640939}.MinSizeRel|x64.Build.0 = MinSizeRel|x64
		{361D2454-98D7-3543-B1E6-C1C518640939}.RelWithDebInfo|x64.ActiveCfg = RelWithDebInfo|x64
		{361D2454-98D7-3543-B1E6-C1C518640939}.RelWithDebInfo|x64.Build.0 = RelWithDebInfo|x64
		{E845212C-257A-3838-8BC4-EBCC62B5D384}.Debug|x64.ActiveCfg = Debug|x64
		{E845212C-257A-3838-8BC4-EBCC62B5D384}.Release|x64.ActiveCfg = Release|x64
		{E845212C-257A-3838-8BC4-EBCC62B5D384}.MinSizeRel|x64.ActiveCfg = MinSizeRel|x64
		{E845212C-257A-3838-8BC4-EBCC62B5D384}.RelWithDebInfo|x64.ActiveCfg = RelWithDebInfo|x64
		{2C9D779D-3E26-3C67-BCA5-1E2837B067A9}.Debug|x64.ActiveCfg = Debug|x64
		{2C9D779D-3E26-3C67-BCA5-1E2837B067A9}.Debug|x64.Build.0 = Debug|x64
		{2C9D779D-3E26-3C67-BCA5-1E2837B067A9}.Release|x64.ActiveCfg = Release|x64
		{2C9D779D-3E26-3C67-BCA5-1E2837B067A9}.Release|x64.Build.0 = Release|x64
		{2C9D779D-3E26-3C67-BCA5-1E2837B067A9}.MinSizeRel|x64.ActiveCfg = MinSizeRel|x64
		{2C9D779D-3E26-3C67-BCA5-1E2837B067A9}.MinSizeRel|x64.Build.0 = MinSizeRel|x64
		{2C9D779D-3E26-3C67-BCA5-1E2837B067A9}.RelWithDebInfo|x64.ActiveCfg = RelWithDebInfo|x64
		{2C9D779D-3E26-3C67-BCA5-1E2837B067A9}.RelWithDebInfo|x64.Build.0 = RelWithDebInfo|x64
		{89CB79CD-C099-3041-B43F-FFAFB5198DA4}.Debug|x64.ActiveCfg = Debug|x64
		{89CB79CD-C099-3041-B43F-FFAFB5198DA4}.Debug|x64.Build.0 = Debug|x64
		{89CB79CD-C099-3041-B43F-FFAFB5198DA4}.Release|x64.ActiveCfg = Release|x64
		{89CB79CD-C099-3041-B43F-FFAFB5198DA4}.Release|x64.Build.0 = Release|x64
		{89CB79CD-C099-3041-B43F-FFAFB5198DA4}.MinSizeRel|x64.ActiveCfg = MinSizeRel|x64
		{89CB79CD-C099-3041-B43F-FFAFB5198DA4}.MinSizeRel|x64.Build.0 = MinSizeRel|x64
		{89CB79CD-C099-3041-B43F-FFAFB5198DA4}.RelWithDebInfo|x64.ActiveCfg = RelWithDebInfo|x64
		{89CB79CD-C099-3041-B43F-FFAFB5198DA4}.RelWithDebInfo|x64.Build.0 = RelWithDebInfo|x64
		{E8A6345E-9484-3787-93C1-1450CA434382}.Debug|x64.ActiveCfg = Debug|x64
		{E8A6345E-9484-3787-93C1-1450CA434382}.Debug|x64.Build.0 = Debug|x64
		{E8A6345E-9484-3787-93C1-1450CA434382}.Release|x64.ActiveCfg = Release|x64
		{E8A6345E-9484-3787-93C1-1450CA434382}.Release|x64.Build.0 = Release|x64
		{E8A6345E-9484-3787-93C1-1450CA434382}.MinSizeRel|x64.ActiveCfg = MinSizeRel|x64
		{E8A6345E-9484-3787-93C1-1450CA434382}.MinSizeRel|x64.Build.0 = MinSizeRel|x64
		{E8A6345E-9484-3787-93C1-1450CA434382}.RelWithDebInfo|x64.ActiveCfg = RelWithDebInfo|x64
		{E8A6345E-9484-3787-93C1-1450CA434382}.RelWithDebInfo|x64.Build.0 = RelWithDebInfo|x64
	EndGlobalSection
	GlobalSection(ExtensibilityGlobals) = postSolution
		SolutionGuid = {3A425F3E-416D-37A9-A726-A3DE095DDCE0}
	EndGlobalSection
	GlobalSection(ExtensibilityAddIns) = postSolution
	EndGlobalSection
EndGlobal
